
Microsoft Visual Studio Solution File, Format Version 12.00
# Visual Studio 2013
VisualStudioVersion = 12.0.40629.0
MinimumVisualStudioVersion = 10.0.40219.1
Project("{2150E333-8FDC-42A3-9474-1A3956D46DE8}") = ".notes", ".notes", "{A9DA2764-1181-40A9-8FDE-63AF9E0F3958}"
	ProjectSection(SolutionItems) = preProject
		README.md = README.md
	EndProjectSection
EndProject
Project("{FAE04EC0-301F-11D3-BF4B-00C04F79EFBC}") = "PU.Web", "PU.Web\PU.Web.csproj", "{29ECCDE2-8A93-4534-AC14-B5804F7ED920}"
EndProject
Project("{FAE04EC0-301F-11D3-BF4B-00C04F79EFBC}") = "PU.Web.Tests", "PU.Web.Tests\PU.Web.Tests.csproj", "{B6CF0538-9472-40FE-9521-1B788C215D89}"
EndProject
Global
	GlobalSection(SolutionConfigurationPlatforms) = preSolution
		Debug|Any CPU = Debug|Any CPU
		Release|Any CPU = Release|Any CPU
	EndGlobalSection
	GlobalSection(ProjectConfigurationPlatforms) = postSolution
		{29ECCDE2-8A93-4534-AC14-B5804F7ED920}.Debug|Any CPU.ActiveCfg = Debug|Any CPU
		{29ECCDE2-8A93-4534-AC14-B5804F7ED920}.Debug|Any CPU.Build.0 = Debug|Any CPU
		{29ECCDE2-8A93-4534-AC14-B5804F7ED920}.Release|Any CPU.ActiveCfg = Release|Any CPU
		{29ECCDE2-8A93-4534-AC14-B5804F7ED920}.Release|Any CPU.Build.0 = Release|Any CPU
		{B6CF0538-9472-40FE-9521-1B788C215D89}.Debug|Any CPU.ActiveCfg = Debug|Any CPU
		{B6CF0538-9472-40FE-9521-1B788C215D89}.Debug|Any CPU.Build.0 = Debug|Any CPU
		{B6CF0538-9472-40FE-9521-1B788C215D89}.Release|Any CPU.ActiveCfg = Release|Any CPU
		{B6CF0538-9472-40FE-9521-1B788C215D89}.Release|Any CPU.Build.0 = Release|Any CPU
	EndGlobalSection
	GlobalSection(SolutionProperties) = preSolution
		HideSolutionNode = FALSE
	EndGlobalSection
EndGlobal
